
Microsoft Visual Studio Solution File, Format Version 12.00
# Visual Studio 15
VisualStudioVersion = 15.0.28307.102
MinimumVisualStudioVersion = 10.0.40219.1
Project("{FAE04EC0-301F-11D3-BF4B-00C04F79EFBC}") = "ValueApi", "ValueApi\ValueApi.csproj", "{B9E0D4F6-D5B0-4C0B-974E-D13A8F406EE5}"
EndProject
Global
	GlobalSection(SolutionConfigurationPlatforms) = preSolution
		Debug|Any CPU = Debug|Any CPU
		Release|Any CPU = Release|Any CPU
	EndGlobalSection
	GlobalSection(ProjectConfigurationPlatforms) = postSolution
		{B9E0D4F6-D5B0-4C0B-974E-D13A8F406EE5}.Debug|Any CPU.ActiveCfg = Debug|Any CPU
		{B9E0D4F6-D5B0-4C0B-974E-D13A8F406EE5}.Debug|Any CPU.Build.0 = Debug|Any CPU
		{B9E0D4F6-D5B0-4C0B-974E-D13A8F406EE5}.Release|Any CPU.ActiveCfg = Release|Any CPU
		{B9E0D4F6-D5B0-4C0B-974E-D13A8F406EE5}.Release|Any CPU.Build.0 = Release|Any CPU
	EndGlobalSection
	GlobalSection(SolutionProperties) = preSolution
		HideSolutionNode = FALSE
	EndGlobalSection
	GlobalSection(ExtensibilityGlobals) = postSolution
		SolutionGuid = {976950DF-6057-4A31-AFFC-05463AA1AA8F}
	EndGlobalSection
EndGlobal
